
Microsoft Visual Studio Solution File, Format Version 12.00
# Visual Studio Version 16
VisualStudioVersion = 16.0.33529.622
MinimumVisualStudioVersion = 10.0.40219.1
Project("{8BC9CEB8-8B4A-11D0-8D11-00A0C91BC942}") = "hacknew", "hacknew\hacknew.vcxproj", "{3AABFF8E-2074-491B-A922-87C34410EA52}"
EndProject
Global
	GlobalSection(SolutionConfigurationPlatforms) = preSolution
		Debug|x64 = Debug|x64
		Debug|x86 = Debug|x86
		Release|x64 = Release|x64
		Release|x86 = Release|x86
	EndGlobalSection
	GlobalSection(ProjectConfigurationPlatforms) = postSolution
		{3AABFF8E-2074-491B-A922-87C34410EA52}.Debug|x64.ActiveCfg = Debug|x64
		{3AABFF8E-2074-491B-A922-87C34410EA52}.Debug|x64.Build.0 = Debug|x64
		{3AABFF8E-2074-491B-A922-87C34410EA52}.Debug|x86.ActiveCfg = Debug|Win32
		{3AABFF8E-2074-491B-A922-87C34410EA52}.Debug|x86.Build.0 = Debug|Win32
		{3AABFF8E-2074-491B-A922-87C34410EA52}.Release|x64.ActiveCfg = Release|x64
		{3AABFF8E-2074-491B-A922-87C34410EA52}.Release|x64.Build.0 = Release|x64
		{3AABFF8E-2074-491B-A922-87C34410EA52}.Release|x86.ActiveCfg = Release|Win32
		{3AABFF8E-2074-491B-A922-87C34410EA52}.Release|x86.Build.0 = Release|Win32
	EndGlobalSection
	GlobalSection(SolutionProperties) = preSolution
		HideSolutionNode = FALSE
	EndGlobalSection
	GlobalSection(ExtensibilityGlobals) = postSolution
		SolutionGuid = {712A695C-FF60-47AB-8C56-AC5CD6AA7F45}
	EndGlobalSection
EndGlobal
